// !$*UTF8*$!
{
	archiveVersion = 1;
	classes = {
	};
	objectVersion = 55;
	objects = {

/* Begin PBXBuildFile section */
		53AA40452781782300902AA2 /* AppDelegate.swift in Sources */ = {isa = PBXBuildFile; fileRef = 53AA40442781782300902AA2 /* AppDelegate.swift */; };
		53AA40472781782300902AA2 /* SceneDelegate.swift in Sources */ = {isa = PBXBuildFile; fileRef = 53AA40462781782300902AA2 /* SceneDelegate.swift */; };
		53AA40492781782300902AA2 /* ViewController.swift in Sources */ = {isa = PBXBuildFile; fileRef = 53AA40482781782300902AA2 /* ViewController.swift */; };
		53AA404C2781782300902AA2 /* Main.storyboard in Resources */ = {isa = PBXBuildFile; fileRef = 53AA404A2781782300902AA2 /* Main.storyboard */; };
		53AA404E2781782400902AA2 /* Assets.xcassets in Resources */ = {isa = PBXBuildFile; fileRef = 53AA404D2781782400902AA2 /* Assets.xcassets */; };
		53AA40512781782400902AA2 /* LaunchScreen.storyboard in Resources */ = {isa = PBXBuildFile; fileRef = 53AA404F2781782400902AA2 /* LaunchScreen.storyboard */; };
		53AA405C2781782400902AA2 /* MulticastTaskTests.swift in Sources */ = {isa = PBXBuildFile; fileRef = 53AA405B2781782400902AA2 /* MulticastTaskTests.swift */; };
		53AA40662781782400902AA2 /* MulticastTaskUITests.swift in Sources */ = {isa = PBXBuildFile; fileRef = 53AA40652781782400902AA2 /* MulticastTaskUITests.swift */; };
		53AA40682781782400902AA2 /* MulticastTaskUITestsLaunchTests.swift in Sources */ = {isa = PBXBuildFile; fileRef = 53AA40672781782400902AA2 /* MulticastTaskUITestsLaunchTests.swift */; };
		53AA407E2781E6DF00902AA2 /* DeviceDetailsTableViewCell.swift in Sources */ = {isa = PBXBuildFile; fileRef = 53AA407D2781E6DF00902AA2 /* DeviceDetailsTableViewCell.swift */; };
/* End PBXBuildFile section */

/* Begin PBXContainerItemProxy section */
		53AA40582781782400902AA2 /* PBXContainerItemProxy */ = {
			isa = PBXContainerItemProxy;
			containerPortal = 53AA40392781782300902AA2 /* Project object */;
			proxyType = 1;
			remoteGlobalIDString = 53AA40402781782300902AA2;
			remoteInfo = MulticastTask;
		};
		53AA40622781782400902AA2 /* PBXContainerItemProxy */ = {
			isa = PBXContainerItemProxy;
			containerPortal = 53AA40392781782300902AA2 /* Project object */;
			proxyType = 1;
			remoteGlobalIDString = 53AA40402781782300902AA2;
			remoteInfo = MulticastTask;
		};
/* End PBXContainerItemProxy section */

/* Begin PBXFileReference section */
		53AA40412781782300902AA2 /* MulticastTask.app */ = {isa = PBXFileReference; explicitFileType = wrapper.application; includeInIndex = 0; path = MulticastTask.app; sourceTree = BUILT_PRODUCTS_DIR; };
		53AA40442781782300902AA2 /* AppDelegate.swift */ = {isa = PBXFileReference; lastKnownFileType = sourcecode.swift; path = AppDelegate.swift; sourceTree = "<group>"; };
		53AA40462781782300902AA2 /* SceneDelegate.swift */ = {isa = PBXFileReference; lastKnownFileType = sourcecode.swift; path = SceneDelegate.swift; sourceTree = "<group>"; };
		53AA40482781782300902AA2 /* ViewController.swift */ = {isa = PBXFileReference; lastKnownFileType = sourcecode.swift; path = ViewController.swift; sourceTree = "<group>"; };
		53AA404B2781782300902AA2 /* Base */ = {isa = PBXFileReference; lastKnownFileType = file.storyboard; name = Base; path = Base.lproj/Main.storyboard; sourceTree = "<group>"; };
		53AA404D2781782400902AA2 /* Assets.xcassets */ = {isa = PBXFileReference; lastKnownFileType = folder.assetcatalog; path = Assets.xcassets; sourceTree = "<group>"; };
		53AA40502781782400902AA2 /* Base */ = {isa = PBXFileReference; lastKnownFileType = file.storyboard; name = Base; path = Base.lproj/LaunchScreen.storyboard; sourceTree = "<group>"; };
		53AA40522781782400902AA2 /* Info.plist */ = {isa = PBXFileReference; lastKnownFileType = text.plist.xml; path = Info.plist; sourceTree = "<group>"; };
		53AA40572781782400902AA2 /* MulticastTaskTests.xctest */ = {isa = PBXFileReference; explicitFileType = wrapper.cfbundle; includeInIndex = 0; path = MulticastTaskTests.xctest; sourceTree = BUILT_PRODUCTS_DIR; };
		53AA405B2781782400902AA2 /* MulticastTaskTests.swift */ = {isa = PBXFileReference; lastKnownFileType = sourcecode.swift; path = MulticastTaskTests.swift; sourceTree = "<group>"; };
		53AA40612781782400902AA2 /* MulticastTaskUITests.xctest */ = {isa = PBXFileReference; explicitFileType = wrapper.cfbundle; includeInIndex = 0; path = MulticastTaskUITests.xctest; sourceTree = BUILT_PRODUCTS_DIR; };
		53AA40652781782400902AA2 /* MulticastTaskUITests.swift */ = {isa = PBXFileReference; lastKnownFileType = sourcecode.swift; path = MulticastTaskUITests.swift; sourceTree = "<group>"; };
		53AA40672781782400902AA2 /* MulticastTaskUITestsLaunchTests.swift */ = {isa = PBXFileReference; lastKnownFileType = sourcecode.swift; path = MulticastTaskUITestsLaunchTests.swift; sourceTree = "<group>"; };
		53AA407D2781E6DF00902AA2 /* DeviceDetailsTableViewCell.swift */ = {isa = PBXFileReference; lastKnownFileType = sourcecode.swift; path = DeviceDetailsTableViewCell.swift; sourceTree = "<group>"; };
/* End PBXFileReference section */

/* Begin PBXFrameworksBuildPhase section */
		53AA403E2781782300902AA2 /* Frameworks */ = {
			isa = PBXFrameworksBuildPhase;
			buildActionMask = 2147483647;
			files = (
			);
			runOnlyForDeploymentPostprocessing = 0;
		};
		53AA40542781782400902AA2 /* Frameworks */ = {
			isa = PBXFrameworksBuildPhase;
			buildActionMask = 2147483647;
			files = (
			);
			runOnlyForDeploymentPostprocessing = 0;
		};
		53AA405E2781782400902AA2 /* Frameworks */ = {
			isa = PBXFrameworksBuildPhase;
			buildActionMask = 2147483647;
			files = (
			);
			runOnlyForDeploymentPostprocessing = 0;
		};
/* End PBXFrameworksBuildPhase section */

/* Begin PBXGroup section */
		53AA40382781782300902AA2 = {
			isa = PBXGroup;
			children = (
				53AA40432781782300902AA2 /* MulticastTask */,
				53AA405A2781782400902AA2 /* MulticastTaskTests */,
				53AA40642781782400902AA2 /* MulticastTaskUITests */,
				53AA40422781782300902AA2 /* Products */,
			);
			sourceTree = "<group>";
		};
		53AA40422781782300902AA2 /* Products */ = {
			isa = PBXGroup;
			children = (
				53AA40412781782300902AA2 /* MulticastTask.app */,
				53AA40572781782400902AA2 /* MulticastTaskTests.xctest */,
				53AA40612781782400902AA2 /* MulticastTaskUITests.xctest */,
			);
			name = Products;
			sourceTree = "<group>";
		};
		53AA40432781782300902AA2 /* MulticastTask */ = {
			isa = PBXGroup;
			children = (
				53AA40442781782300902AA2 /* AppDelegate.swift */,
				53AA40462781782300902AA2 /* SceneDelegate.swift */,
				53AA407C2781E6C100902AA2 /* CustomCell */,
				53AA40752781CD5600902AA2 /* View */,
				53AA40742781CD4800902AA2 /* Controller */,
				53AA404D2781782400902AA2 /* Assets.xcassets */,
				53AA404F2781782400902AA2 /* LaunchScreen.storyboard */,
				53AA40522781782400902AA2 /* Info.plist */,
			);
			path = MulticastTask;
			sourceTree = "<group>";
		};
		53AA405A2781782400902AA2 /* MulticastTaskTests */ = {
			isa = PBXGroup;
			children = (
				53AA405B2781782400902AA2 /* MulticastTaskTests.swift */,
			);
			path = MulticastTaskTests;
			sourceTree = "<group>";
		};
		53AA40642781782400902AA2 /* MulticastTaskUITests */ = {
			isa = PBXGroup;
			children = (
				53AA40652781782400902AA2 /* MulticastTaskUITests.swift */,
				53AA40672781782400902AA2 /* MulticastTaskUITestsLaunchTests.swift */,
			);
			path = MulticastTaskUITests;
			sourceTree = "<group>";
		};
		53AA40742781CD4800902AA2 /* Controller */ = {
			isa = PBXGroup;
			children = (
				53AA40482781782300902AA2 /* ViewController.swift */,
			);
			path = Controller;
			sourceTree = "<group>";
		};
		53AA40752781CD5600902AA2 /* View */ = {
			isa = PBXGroup;
			children = (
				53AA404A2781782300902AA2 /* Main.storyboard */,
			);
			path = View;
			sourceTree = "<group>";
		};
		53AA407C2781E6C100902AA2 /* CustomCell */ = {
			isa = PBXGroup;
			children = (
				53AA407D2781E6DF00902AA2 /* DeviceDetailsTableViewCell.swift */,
			);
			path = CustomCell;
			sourceTree = "<group>";
		};
/* End PBXGroup section */

/* Begin PBXNativeTarget section */
		53AA40402781782300902AA2 /* MulticastTask */ = {
			isa = PBXNativeTarget;
			buildConfigurationList = 53AA406B2781782400902AA2 /* Build configuration list for PBXNativeTarget "MulticastTask" */;
			buildPhases = (
				53AA403D2781782300902AA2 /* Sources */,
				53AA403E2781782300902AA2 /* Frameworks */,
				53AA403F2781782300902AA2 /* Resources */,
			);
			buildRules = (
			);
			dependencies = (
			);
			name = MulticastTask;
			productName = MulticastTask;
			productReference = 53AA40412781782300902AA2 /* MulticastTask.app */;
			productType = "com.apple.product-type.application";
		};
		53AA40562781782400902AA2 /* MulticastTaskTests */ = {
			isa = PBXNativeTarget;
			buildConfigurationList = 53AA406E2781782400902AA2 /* Build configuration list for PBXNativeTarget "MulticastTaskTests" */;
			buildPhases = (
				53AA40532781782400902AA2 /* Sources */,
				53AA40542781782400902AA2 /* Frameworks */,
				53AA40552781782400902AA2 /* Resources */,
			);
			buildRules = (
			);
			dependencies = (
				53AA40592781782400902AA2 /* PBXTargetDependency */,
			);
			name = MulticastTaskTests;
			productName = MulticastTaskTests;
			productReference = 53AA40572781782400902AA2 /* MulticastTaskTests.xctest */;
			productType = "com.apple.product-type.bundle.unit-test";
		};
		53AA40602781782400902AA2 /* MulticastTaskUITests */ = {
			isa = PBXNativeTarget;
			buildConfigurationList = 53AA40712781782400902AA2 /* Build configuration list for PBXNativeTarget "MulticastTaskUITests" */;
			buildPhases = (
				53AA405D2781782400902AA2 /* Sources */,
				53AA405E2781782400902AA2 /* Frameworks */,
				53AA405F2781782400902AA2 /* Resources */,
			);
			buildRules = (
			);
			dependencies = (
				53AA40632781782400902AA2 /* PBXTargetDependency */,
			);
			name = MulticastTaskUITests;
			productName = MulticastTaskUITests;
			productReference = 53AA40612781782400902AA2 /* MulticastTaskUITests.xctest */;
			productType = "com.apple.product-type.bundle.ui-testing";
		};
/* End PBXNativeTarget section */

/* Begin PBXProject section */
		53AA40392781782300902AA2 /* Project object */ = {
			isa = PBXProject;
			attributes = {
				BuildIndependentTargetsInParallel = 1;
				LastSwiftUpdateCheck = 1300;
				LastUpgradeCheck = 1300;
				TargetAttributes = {
					53AA40402781782300902AA2 = {
						CreatedOnToolsVersion = 13.0;
					};
					53AA40562781782400902AA2 = {
						CreatedOnToolsVersion = 13.0;
						TestTargetID = 53AA40402781782300902AA2;
					};
					53AA40602781782400902AA2 = {
						CreatedOnToolsVersion = 13.0;
						TestTargetID = 53AA40402781782300902AA2;
					};
				};
			};
			buildConfigurationList = 53AA403C2781782300902AA2 /* Build configuration list for PBXProject "MulticastTask" */;
			compatibilityVersion = "Xcode 13.0";
			developmentRegion = en;
			hasScannedForEncodings = 0;
			knownRegions = (
				en,
				Base,
			);
			mainGroup = 53AA40382781782300902AA2;
			productRefGroup = 53AA40422781782300902AA2 /* Products */;
			projectDirPath = "";
			projectRoot = "";
			targets = (
				53AA40402781782300902AA2 /* MulticastTask */,
				53AA40562781782400902AA2 /* MulticastTaskTests */,
				53AA40602781782400902AA2 /* MulticastTaskUITests */,
			);
		};
/* End PBXProject section */

/* Begin PBXResourcesBuildPhase section */
		53AA403F2781782300902AA2 /* Resources */ = {
			isa = PBXResourcesBuildPhase;
			buildActionMask = 2147483647;
			files = (
				53AA40512781782400902AA2 /* LaunchScreen.storyboard in Resources */,
				53AA404E2781782400902AA2 /* Assets.xcassets in Resources */,
				53AA404C2781782300902AA2 /* Main.storyboard in Resources */,
			);
			runOnlyForDeploymentPostprocessing = 0;
		};
		53AA40552781782400902AA2 /* Resources */ = {
			isa = PBXResourcesBuildPhase;
			buildActionMask = 2147483647;
			files = (
			);
			runOnlyForDeploymentPostprocessing = 0;
		};
		53AA405F2781782400902AA2 /* Resources */ = {
			isa = PBXResourcesBuildPhase;
			buildActionMask = 2147483647;
			files = (
			);
			runOnlyForDeploymentPostprocessing = 0;
		};
/* End PBXResourcesBuildPhase section */

/* Begin PBXSourcesBuildPhase section */
		53AA403D2781782300902AA2 /* Sources */ = {
			isa = PBXSourcesBuildPhase;
			buildActionMask = 2147483647;
			files = (
				53AA407E2781E6DF00902AA2 /* DeviceDetailsTableViewCell.swift in Sources */,
				53AA40492781782300902AA2 /* ViewController.swift in Sources */,
				53AA40452781782300902AA2 /* AppDelegate.swift in Sources */,
				53AA40472781782300902AA2 /* SceneDelegate.swift in Sources */,
			);
			runOnlyForDeploymentPostprocessing = 0;
		};
		53AA40532781782400902AA2 /* Sources */ = {
			isa = PBXSourcesBuildPhase;
			buildActionMask = 2147483647;
			files = (
				53AA405C2781782400902AA2 /* MulticastTaskTests.swift in Sources */,
			);
			runOnlyForDeploymentPostprocessing = 0;
		};
		53AA405D2781782400902AA2 /* Sources */ = {
			isa = PBXSourcesBuildPhase;
			buildActionMask = 2147483647;
			files = (
				53AA40682781782400902AA2 /* MulticastTaskUITestsLaunchTests.swift in Sources */,
				53AA40662781782400902AA2 /* MulticastTaskUITests.swift in Sources */,
			);
			runOnlyForDeploymentPostprocessing = 0;
		};
/* End PBXSourcesBuildPhase section */

/* Begin PBXTargetDependency section */
		53AA40592781782400902AA2 /* PBXTargetDependency */ = {
			isa = PBXTargetDependency;
			target = 53AA40402781782300902AA2 /* MulticastTask */;
			targetProxy = 53AA40582781782400902AA2 /* PBXContainerItemProxy */;
		};
		53AA40632781782400902AA2 /* PBXTargetDependency */ = {
			isa = PBXTargetDependency;
			target = 53AA40402781782300902AA2 /* MulticastTask */;
			targetProxy = 53AA40622781782400902AA2 /* PBXContainerItemProxy */;
		};
/* End PBXTargetDependency section */

/* Begin PBXVariantGroup section */
		53AA404A2781782300902AA2 /* Main.storyboard */ = {
			isa = PBXVariantGroup;
			children = (
				53AA404B2781782300902AA2 /* Base */,
			);
			name = Main.storyboard;
			sourceTree = "<group>";
		};
		53AA404F2781782400902AA2 /* LaunchScreen.storyboard */ = {
			isa = PBXVariantGroup;
			children = (
				53AA40502781782400902AA2 /* Base */,
			);
			name = LaunchScreen.storyboard;
			sourceTree = "<group>";
		};
/* End PBXVariantGroup section */

/* Begin XCBuildConfiguration section */
		53AA40692781782400902AA2 /* Debug */ = {
			isa = XCBuildConfiguration;
			buildSettings = {
				ALWAYS_SEARCH_USER_PATHS = NO;
				CLANG_ANALYZER_NONNULL = YES;
				CLANG_ANALYZER_NUMBER_OBJECT_CONVERSION = YES_AGGRESSIVE;
				CLANG_CXX_LANGUAGE_STANDARD = "gnu++17";
				CLANG_CXX_LIBRARY = "libc++";
				CLANG_ENABLE_MODULES = YES;
				CLANG_ENABLE_OBJC_ARC = YES;
				CLANG_ENABLE_OBJC_WEAK = YES;
				CLANG_WARN_BLOCK_CAPTURE_AUTORELEASING = YES;
				CLANG_WARN_BOOL_CONVERSION = YES;
				CLANG_WARN_COMMA = YES;
				CLANG_WARN_CONSTANT_CONVERSION = YES;
				CLANG_WARN_DEPRECATED_OBJC_IMPLEMENTATIONS = YES;
				CLANG_WARN_DIRECT_OBJC_ISA_USAGE = YES_ERROR;
				CLANG_WARN_DOCUMENTATION_COMMENTS = YES;
				CLANG_WARN_EMPTY_BODY = YES;
				CLANG_WARN_ENUM_CONVERSION = YES;
				CLANG_WARN_INFINITE_RECURSION = YES;
				CLANG_WARN_INT_CONVERSION = YES;
				CLANG_WARN_NON_LITERAL_NULL_CONVERSION = YES;
				CLANG_WARN_OBJC_IMPLICIT_RETAIN_SELF = YES;
				CLANG_WARN_OBJC_LITERAL_CONVERSION = YES;
				CLANG_WARN_OBJC_ROOT_CLASS = YES_ERROR;
				CLANG_WARN_QUOTED_INCLUDE_IN_FRAMEWORK_HEADER = YES;
				CLANG_WARN_RANGE_LOOP_ANALYSIS = YES;
				CLANG_WARN_STRICT_PROTOTYPES = YES;
				CLANG_WARN_SUSPICIOUS_MOVE = YES;
				CLANG_WARN_UNGUARDED_AVAILABILITY = YES_AGGRESSIVE;
				CLANG_WARN_UNREACHABLE_CODE = YES;
				CLANG_WARN__DUPLICATE_METHOD_MATCH = YES;
				COPY_PHASE_STRIP = NO;
				DEBUG_INFORMATION_FORMAT = dwarf;
				ENABLE_STRICT_OBJC_MSGSEND = YES;
				ENABLE_TESTABILITY = YES;
				GCC_C_LANGUAGE_STANDARD = gnu11;
				GCC_DYNAMIC_NO_PIC = NO;
				GCC_NO_COMMON_BLOCKS = YES;
				GCC_OPTIMIZATION_LEVEL = 0;
				GCC_PREPROCESSOR_DEFINITIONS = (
					"DEBUG=1",
					"$(inherited)",
				);
				GCC_WARN_64_TO_32_BIT_CONVERSION = YES;
				GCC_WARN_ABOUT_RETURN_TYPE = YES_ERROR;
				GCC_WARN_UNDECLARED_SELECTOR = YES;
				GCC_WARN_UNINITIALIZED_AUTOS = YES_AGGRESSIVE;
				GCC_WARN_UNUSED_FUNCTION = YES;
				GCC_WARN_UNUSED_VARIABLE = YES;
				IPHONEOS_DEPLOYMENT_TARGET = 15.0;
				MTL_ENABLE_DEBUG_INFO = INCLUDE_SOURCE;
				MTL_FAST_MATH = YES;
				ONLY_ACTIVE_ARCH = YES;
				SDKROOT = iphoneos;
				SWIFT_ACTIVE_COMPILATION_CONDITIONS = DEBUG;
				SWIFT_OPTIMIZATION_LEVEL = "-Onone";
			};
			name = Debug;
		};
		53AA406A2781782400902AA2 /* Release */ = {
			isa = XCBuildConfiguration;
			buildSettings = {
				ALWAYS_SEARCH_USER_PATHS = NO;
				CLANG_ANALYZER_NONNULL = YES;
				CLANG_ANALYZER_NUMBER_OBJECT_CONVERSION = YES_AGGRESSIVE;
				CLANG_CXX_LANGUAGE_STANDARD = "gnu++17";
				CLANG_CXX_LIBRARY = "libc++";
				CLANG_ENABLE_MODULES = YES;
				CLANG_ENABLE_OBJC_ARC = YES;
				CLANG_ENABLE_OBJC_WEAK = YES;
				CLANG_WARN_BLOCK_CAPTURE_AUTORELEASING = YES;
				CLANG_WARN_BOOL_CONVERSION = YES;
				CLANG_WARN_COMMA = YES;
				CLANG_WARN_CONSTANT_CONVERSION = YES;
				CLANG_WARN_DEPRECATED_OBJC_IMPLEMENTATIONS = YES;
				CLANG_WARN_DIRECT_OBJC_ISA_USAGE = YES_ERROR;
				CLANG_WARN_DOCUMENTATION_COMMENTS = YES;
				CLANG_WARN_EMPTY_BODY = YES;
				CLANG_WARN_ENUM_CONVERSION = YES;
				CLANG_WARN_INFINITE_RECURSION = YES;
				CLANG_WARN_INT_CONVERSION = YES;
				CLANG_WARN_NON_LITERAL_NULL_CONVERSION = YES;
				CLANG_WARN_OBJC_IMPLICIT_RETAIN_SELF = YES;
				CLANG_WARN_OBJC_LITERAL_CONVERSION = YES;
				CLANG_WARN_OBJC_ROOT_CLASS = YES_ERROR;
				CLANG_WARN_QUOTED_INCLUDE_IN_FRAMEWORK_HEADER = YES;
				CLANG_WARN_RANGE_LOOP_ANALYSIS = YES;
				CLANG_WARN_STRICT_PROTOTYPES = YES;
				CLANG_WARN_SUSPICIOUS_MOVE = YES;
				CLANG_WARN_UNGUARDED_AVAILABILITY = YES_AGGRESSIVE;
				CLANG_WARN_UNREACHABLE_CODE = YES;
				CLANG_WARN__DUPLICATE_METHOD_MATCH = YES;
				COPY_PHASE_STRIP = NO;
				DEBUG_INFORMATION_FORMAT = "dwarf-with-dsym";
				ENABLE_NS_ASSERTIONS = NO;
				ENABLE_STRICT_OBJC_MSGSEND = YES;
				GCC_C_LANGUAGE_STANDARD = gnu11;
				GCC_NO_COMMON_BLOCKS = YES;
				GCC_WARN_64_TO_32_BIT_CONVERSION = YES;
				GCC_WARN_ABOUT_RETURN_TYPE = YES_ERROR;
				GCC_WARN_UNDECLARED_SELECTOR = YES;
				GCC_WARN_UNINITIALIZED_AUTOS = YES_AGGRESSIVE;
				GCC_WARN_UNUSED_FUNCTION = YES;
				GCC_WARN_UNUSED_VARIABLE = YES;
				IPHONEOS_DEPLOYMENT_TARGET = 15.0;
				MTL_ENABLE_DEBUG_INFO = NO;
				MTL_FAST_MATH = YES;
				SDKROOT = iphoneos;
				SWIFT_COMPILATION_MODE = wholemodule;
				SWIFT_OPTIMIZATION_LEVEL = "-O";
				VALIDATE_PRODUCT = YES;
			};
			name = Release;
		};
		53AA406C2781782400902AA2 /* Debug */ = {
			isa = XCBuildConfiguration;
			buildSettings = {
				ASSETCATALOG_COMPILER_APPICON_NAME = AppIcon;
				ASSETCATALOG_COMPILER_GLOBAL_ACCENT_COLOR_NAME = AccentColor;
				CODE_SIGN_STYLE = Automatic;
				CURRENT_PROJECT_VERSION = 1;
				DEVELOPMENT_TEAM = 4C3748566Y;
				GENERATE_INFOPLIST_FILE = YES;
				INFOPLIST_FILE = MulticastTask/Info.plist;
				INFOPLIST_KEY_UIApplicationSupportsIndirectInputEvents = YES;
				INFOPLIST_KEY_UILaunchStoryboardName = LaunchScreen;
				INFOPLIST_KEY_UIMainStoryboardFile = Main;
				INFOPLIST_KEY_UISupportedInterfaceOrientations_iPad = "UIInterfaceOrientationPortrait UIInterfaceOrientationPortraitUpsideDown UIInterfaceOrientationLandscapeLeft UIInterfaceOrientationLandscapeRight";
				INFOPLIST_KEY_UISupportedInterfaceOrientations_iPhone = "UIInterfaceOrientationPortrait UIInterfaceOrientationLandscapeLeft UIInterfaceOrientationLandscapeRight";
				IPHONEOS_DEPLOYMENT_TARGET = 13.0;
				LD_RUNPATH_SEARCH_PATHS = (
					"$(inherited)",
					"@executable_path/Frameworks",
				);
				MARKETING_VERSION = 1.0;
				PRODUCT_BUNDLE_IDENTIFIER = com.MulticastTask;
				PRODUCT_NAME = "$(TARGET_NAME)";
				SWIFT_EMIT_LOC_STRINGS = YES;
				SWIFT_VERSION = 5.0;
				TARGETED_DEVICE_FAMILY = "1,2";
			};
			name = Debug;
		};
		53AA406D2781782400902AA2 /* Release */ = {
			isa = XCBuildConfiguration;
			buildSettings = {
				ASSETCATALOG_COMPILER_APPICON_NAME = AppIcon;
				ASSETCATALOG_COMPILER_GLOBAL_ACCENT_COLOR_NAME = AccentColor;
				CODE_SIGN_STYLE = Automatic;
				CURRENT_PROJECT_VERSION = 1;
				DEVELOPMENT_TEAM = 4C3748566Y;
				GENERATE_INFOPLIST_FILE = YES;
				INFOPLIST_FILE = MulticastTask/Info.plist;
				INFOPLIST_KEY_UIApplicationSupportsIndirectInputEvents = YES;
				INFOPLIST_KEY_UILaunchStoryboardName = LaunchScreen;
				INFOPLIST_KEY_UIMainStoryboardFile = Main;
				INFOPLIST_KEY_UISupportedInterfaceOrientations_iPad = "UIInterfaceOrientationPortrait UIInterfaceOrientationPortraitUpsideDown UIInterfaceOrientationLandscapeLeft UIInterfaceOrientationLandscapeRight";
				INFOPLIST_KEY_UISupportedInterfaceOrientations_iPhone = "UIInterfaceOrientationPortrait UIInterfaceOrientationLandscapeLeft UIInterfaceOrientationLandscapeRight";
				IPHONEOS_DEPLOYMENT_TARGET = 13.0;
				LD_RUNPATH_SEARCH_PATHS = (
					"$(inherited)",
					"@executable_path/Frameworks",
				);
				MARKETING_VERSION = 1.0;
				PRODUCT_BUNDLE_IDENTIFIER = com.MulticastTask;
				PRODUCT_NAME = "$(TARGET_NAME)";
				SWIFT_EMIT_LOC_STRINGS = YES;
				SWIFT_VERSION = 5.0;
				TARGETED_DEVICE_FAMILY = "1,2";
			};
			name = Release;
		};
		53AA406F2781782400902AA2 /* Debug */ = {
			isa = XCBuildConfiguration;
			buildSettings = {
				ALWAYS_EMBED_SWIFT_STANDARD_LIBRARIES = YES;
				BUNDLE_LOADER = "$(TEST_HOST)";
				CODE_SIGN_STYLE = Automatic;
				CURRENT_PROJECT_VERSION = 1;
				GENERATE_INFOPLIST_FILE = YES;
				IPHONEOS_DEPLOYMENT_TARGET = 15.0;
				LD_RUNPATH_SEARCH_PATHS = (
					"$(inherited)",
					"@executable_path/Frameworks",
					"@loader_path/Frameworks",
				);
				MARKETING_VERSION = 1.0;
				PRODUCT_BUNDLE_IDENTIFIER = com.MulticastTaskTests;
				PRODUCT_NAME = "$(TARGET_NAME)";
				SWIFT_EMIT_LOC_STRINGS = NO;
				SWIFT_VERSION = 5.0;
				TARGETED_DEVICE_FAMILY = "1,2";
				TEST_HOST = "$(BUILT_PRODUCTS_DIR)/MulticastTask.app/MulticastTask";
			};
			name = Debug;
		};
		53AA40702781782400902AA2 /* Release */ = {
			isa = XCBuildConfiguration;
			buildSettings = {
				ALWAYS_EMBED_SWIFT_STANDARD_LIBRARIES = YES;
				BUNDLE_LOADER = "$(TEST_HOST)";
				CODE_SIGN_STYLE = Automatic;
				CURRENT_PROJECT_VERSION = 1;
				GENERATE_INFOPLIST_FILE = YES;
				IPHONEOS_DEPLOYMENT_TARGET = 15.0;
				LD_RUNPATH_SEARCH_PATHS = (
					"$(inherited)",
					"@executable_path/Frameworks",
					"@loader_path/Frameworks",
				);
				MARKETING_VERSION = 1.0;
				PRODUCT_BUNDLE_IDENTIFIER = com.MulticastTaskTests;
				PRODUCT_NAME = "$(TARGET_NAME)";
				SWIFT_EMIT_LOC_STRINGS = NO;
				SWIFT_VERSION = 5.0;
				TARGETED_DEVICE_FAMILY = "1,2";
				TEST_HOST = "$(BUILT_PRODUCTS_DIR)/MulticastTask.app/MulticastTask";
			};
			name = Release;
		};
		53AA40722781782400902AA2 /* Debug */ = {
			isa = XCBuildConfiguration;
			buildSettings = {
				ALWAYS_EMBED_SWIFT_STANDARD_LIBRARIES = YES;
				CODE_SIGN_STYLE = Automatic;
				CURRENT_PROJECT_VERSION = 1;
				GENERATE_INFOPLIST_FILE = YES;
				LD_RUNPATH_SEARCH_PATHS = (
					"$(inherited)",
					"@executable_path/Frameworks",
					"@loader_path/Frameworks",
				);
				MARKETING_VERSION = 1.0;
				PRODUCT_BUNDLE_IDENTIFIER = com.MulticastTaskUITests;
				PRODUCT_NAME = "$(TARGET_NAME)";
				SWIFT_EMIT_LOC_STRINGS = NO;
				SWIFT_VERSION = 5.0;
				TARGETED_DEVICE_FAMILY = "1,2";
				TEST_TARGET_NAME = MulticastTask;
			};
			name = Debug;
		};
		53AA40732781782400902AA2 /* Release */ = {
			isa = XCBuildConfiguration;
			buildSettings = {
				ALWAYS_EMBED_SWIFT_STANDARD_LIBRARIES = YES;
				CODE_SIGN_STYLE = Automatic;
				CURRENT_PROJECT_VERSION = 1;
				GENERATE_INFOPLIST_FILE = YES;
				LD_RUNPATH_SEARCH_PATHS = (
					"$(inherited)",
					"@executable_path/Frameworks",
					"@loader_path/Frameworks",
				);
				MARKETING_VERSION = 1.0;
				PRODUCT_BUNDLE_IDENTIFIER = com.MulticastTaskUITests;
				PRODUCT_NAME = "$(TARGET_NAME)";
				SWIFT_EMIT_LOC_STRINGS = NO;
				SWIFT_VERSION = 5.0;
				TARGETED_DEVICE_FAMILY = "1,2";
				TEST_TARGET_NAME = MulticastTask;
			};
			name = Release;
		};
/* End XCBuildConfiguration section */

/* Begin XCConfigurationList section */
		53AA403C2781782300902AA2 /* Build configuration list for PBXProject "MulticastTask" */ = {
			isa = XCConfigurationList;
			buildConfigurations = (
				53AA40692781782400902AA2 /* Debug */,
				53AA406A2781782400902AA2 /* Release */,
			);
			defaultConfigurationIsVisible = 0;
			defaultConfigurationName = Release;
		};
		53AA406B2781782400902AA2 /* Build configuration list for PBXNativeTarget "MulticastTask" */ = {
			isa = XCConfigurationList;
			buildConfigurations = (
				53AA406C2781782400902AA2 /* Debug */,
				53AA406D2781782400902AA2 /* Release */,
			);
			defaultConfigurationIsVisible = 0;
			defaultConfigurationName = Release;
		};
		53AA406E2781782400902AA2 /* Build configuration list for PBXNativeTarget "MulticastTaskTests" */ = {
			isa = XCConfigurationList;
			buildConfigurations = (
				53AA406F2781782400902AA2 /* Debug */,
				53AA40702781782400902AA2 /* Release */,
			);
			defaultConfigurationIsVisible = 0;
			defaultConfigurationName = Release;
		};
		53AA40712781782400902AA2 /* Build configuration list for PBXNativeTarget "MulticastTaskUITests" */ = {
			isa = XCConfigurationList;
			buildConfigurations = (
				53AA40722781782400902AA2 /* Debug */,
				53AA40732781782400902AA2 /* Release */,
			);
			defaultConfigurationIsVisible = 0;
			defaultConfigurationName = Release;
		};
/* End XCConfigurationList section */
	};
	rootObject = 53AA40392781782300902AA2 /* Project object */;
}
